
Microsoft Visual Studio Solution File, Format Version 12.00
# Visual Studio Version 16
VisualStudioVersion = 16.0.30907.101
MinimumVisualStudioVersion = 15.0.26124.0
Project("{2150E333-8FDC-42A3-9474-1A3956D46DE8}") = "src", "src", "{63A66E7D-DD4F-446B-99A4-ED3DDCA053EA}"
EndProject
Project("{2150E333-8FDC-42A3-9474-1A3956D46DE8}") = "tests", "tests", "{CEDA644E-C828-41ED-89CF-4D094424FF80}"
EndProject
Project("{2150E333-8FDC-42A3-9474-1A3956D46DE8}") = "unit", "unit", "{A7ABDEFA-A9FD-4101-9341-81713781C8E8}"
EndProject
Project("{9A19103F-16F7-4668-BE54-9A1E7A4F7556}") = "CustomerManager.Tests", "tests\unit\CustomerManager.Tests\CustomerManager.Tests.csproj", "{A048EF9D-DC89-435D-AFFB-EAC6CA20B49D}"
EndProject
Project("{9A19103F-16F7-4668-BE54-9A1E7A4F7556}") = "CustomerManager.Models", "src\CustomerManager.Models\CustomerManager.Models.csproj", "{21AFC5BC-F44F-47DF-BB45-0DE325FC0B69}"
EndProject
Project("{9A19103F-16F7-4668-BE54-9A1E7A4F7556}") = "CustomerManager.Repositories", "src\CustomerManager.Repositories\CustomerManager.Repositories.csproj", "{C8DF0372-9001-42C0-80D3-7D5D3F6CDA30}"
EndProject
Project("{9A19103F-16F7-4668-BE54-9A1E7A4F7556}") = "CustomerManager.Services", "src\CustomerManager.Services\CustomerManager.Services.csproj", "{5D7AE9BC-55EF-4D0C-B1F3-4F1BB49EA452}"
EndProject
Project("{9A19103F-16F7-4668-BE54-9A1E7A4F7556}") = "CustomerManager.Api", "src\CustomerManager.Api\CustomerManager.Api.csproj", "{5032ABB7-3328-4FF4-84D4-F26366070ABF}"
EndProject
Global
	GlobalSection(SolutionConfigurationPlatforms) = preSolution
		Debug|Any CPU = Debug|Any CPU
		Debug|x64 = Debug|x64
		Debug|x86 = Debug|x86
		Release|Any CPU = Release|Any CPU
		Release|x64 = Release|x64
		Release|x86 = Release|x86
	EndGlobalSection
	GlobalSection(ProjectConfigurationPlatforms) = postSolution
		{A048EF9D-DC89-435D-AFFB-EAC6CA20B49D}.Debug|Any CPU.ActiveCfg = Debug|Any CPU
		{A048EF9D-DC89-435D-AFFB-EAC6CA20B49D}.Debug|Any CPU.Build.0 = Debug|Any CPU
		{A048EF9D-DC89-435D-AFFB-EAC6CA20B49D}.Debug|x64.ActiveCfg = Debug|Any CPU
		{A048EF9D-DC89-435D-AFFB-EAC6CA20B49D}.Debug|x64.Build.0 = Debug|Any CPU
		{A048EF9D-DC89-435D-AFFB-EAC6CA20B49D}.Debug|x86.ActiveCfg = Debug|Any CPU
		{A048EF9D-DC89-435D-AFFB-EAC6CA20B49D}.Debug|x86.Build.0 = Debug|Any CPU
		{A048EF9D-DC89-435D-AFFB-EAC6CA20B49D}.Release|Any CPU.ActiveCfg = Release|Any CPU
		{A048EF9D-DC89-435D-AFFB-EAC6CA20B49D}.Release|Any CPU.Build.0 = Release|Any CPU
		{A048EF9D-DC89-435D-AFFB-EAC6CA20B49D}.Release|x64.ActiveCfg = Release|Any CPU
		{A048EF9D-DC89-435D-AFFB-EAC6CA20B49D}.Release|x64.Build.0 = Release|Any CPU
		{A048EF9D-DC89-435D-AFFB-EAC6CA20B49D}.Release|x86.ActiveCfg = Release|Any CPU
		{A048EF9D-DC89-435D-AFFB-EAC6CA20B49D}.Release|x86.Build.0 = Release|Any CPU
		{21AFC5BC-F44F-47DF-BB45-0DE325FC0B69}.Debug|Any CPU.ActiveCfg = Debug|Any CPU
		{21AFC5BC-F44F-47DF-BB45-0DE325FC0B69}.Debug|Any CPU.Build.0 = Debug|Any CPU
		{21AFC5BC-F44F-47DF-BB45-0DE325FC0B69}.Debug|x64.ActiveCfg = Debug|Any CPU
		{21AFC5BC-F44F-47DF-BB45-0DE325FC0B69}.Debug|x64.Build.0 = Debug|Any CPU
		{21AFC5BC-F44F-47DF-BB45-0DE325FC0B69}.Debug|x86.ActiveCfg = Debug|Any CPU
		{21AFC5BC-F44F-47DF-BB45-0DE325FC0B69}.Debug|x86.Build.0 = Debug|Any CPU
		{21AFC5BC-F44F-47DF-BB45-0DE325FC0B69}.Release|Any CPU.ActiveCfg = Release|Any CPU
		{21AFC5BC-F44F-47DF-BB45-0DE325FC0B69}.Release|Any CPU.Build.0 = Release|Any CPU
		{21AFC5BC-F44F-47DF-BB45-0DE325FC0B69}.Release|x64.ActiveCfg = Release|Any CPU
		{21AFC5BC-F44F-47DF-BB45-0DE325FC0B69}.Release|x64.Build.0 = Release|Any CPU
		{21AFC5BC-F44F-47DF-BB45-0DE325FC0B69}.Release|x86.ActiveCfg = Release|Any CPU
		{21AFC5BC-F44F-47DF-BB45-0DE325FC0B69}.Release|x86.Build.0 = Release|Any CPU
		{C8DF0372-9001-42C0-80D3-7D5D3F6CDA30}.Debug|Any CPU.ActiveCfg = Debug|Any CPU
		{C8DF0372-9001-42C0-80D3-7D5D3F6CDA30}.Debug|Any CPU.Build.0 = Debug|Any CPU
		{C8DF0372-9001-42C0-80D3-7D5D3F6CDA30}.Debug|x64.ActiveCfg = Debug|Any CPU
		{C8DF0372-9001-42C0-80D3-7D5D3F6CDA30}.Debug|x64.Build.0 = Debug|Any CPU
		{C8DF0372-9001-42C0-80D3-7D5D3F6CDA30}.Debug|x86.ActiveCfg = Debug|Any CPU
		{C8DF0372-9001-42C0-80D3-7D5D3F6CDA30}.Debug|x86.Build.0 = Debug|Any CPU
		{C8DF0372-9001-42C0-80D3-7D5D3F6CDA30}.Release|Any CPU.ActiveCfg = Release|Any CPU
		{C8DF0372-9001-42C0-80D3-7D5D3F6CDA30}.Release|Any CPU.Build.0 = Release|Any CPU
		{C8DF0372-9001-42C0-80D3-7D5D3F6CDA30}.Release|x64.ActiveCfg = Release|Any CPU
		{C8DF0372-9001-42C0-80D3-7D5D3F6CDA30}.Release|x64.Build.0 = Release|Any CPU
		{C8DF0372-9001-42C0-80D3-7D5D3F6CDA30}.Release|x86.ActiveCfg = Release|Any CPU
		{C8DF0372-9001-42C0-80D3-7D5D3F6CDA30}.Release|x86.Build.0 = Release|Any CPU
		{5D7AE9BC-55EF-4D0C-B1F3-4F1BB49EA452}.Debug|Any CPU.ActiveCfg = Debug|Any CPU
		{5D7AE9BC-55EF-4D0C-B1F3-4F1BB49EA452}.Debug|Any CPU.Build.0 = Debug|Any CPU
		{5D7AE9BC-55EF-4D0C-B1F3-4F1BB49EA452}.Debug|x64.ActiveCfg = Debug|Any CPU
		{5D7AE9BC-55EF-4D0C-B1F3-4F1BB49EA452}.Debug|x64.Build.0 = Debug|Any CPU
		{5D7AE9BC-55EF-4D0C-B1F3-4F1BB49EA452}.Debug|x86.ActiveCfg = Debug|Any CPU
		{5D7AE9BC-55EF-4D0C-B1F3-4F1BB49EA452}.Debug|x86.Build.0 = Debug|Any CPU
		{5D7AE9BC-55EF-4D0C-B1F3-4F1BB49EA452}.Release|Any CPU.ActiveCfg = Release|Any CPU
		{5D7AE9BC-55EF-4D0C-B1F3-4F1BB49EA452}.Release|Any CPU.Build.0 = Release|Any CPU
		{5D7AE9BC-55EF-4D0C-B1F3-4F1BB49EA452}.Release|x64.ActiveCfg = Release|Any CPU
		{5D7AE9BC-55EF-4D0C-B1F3-4F1BB49EA452}.Release|x64.Build.0 = Release|Any CPU
		{5D7AE9BC-55EF-4D0C-B1F3-4F1BB49EA452}.Release|x86.ActiveCfg = Release|Any CPU
		{5D7AE9BC-55EF-4D0C-B1F3-4F1BB49EA452}.Release|x86.Build.0 = Release|Any CPU
		{5032ABB7-3328-4FF4-84D4-F26366070ABF}.Debug|Any CPU.ActiveCfg = Debug|Any CPU
		{5032ABB7-3328-4FF4-84D4-F26366070ABF}.Debug|Any CPU.Build.0 = Debug|Any CPU
		{5032ABB7-3328-4FF4-84D4-F26366070ABF}.Debug|x64.ActiveCfg = Debug|Any CPU
		{5032ABB7-3328-4FF4-84D4-F26366070ABF}.Debug|x64.Build.0 = Debug|Any CPU
		{5032ABB7-3328-4FF4-84D4-F26366070ABF}.Debug|x86.ActiveCfg = Debug|Any CPU
		{5032ABB7-3328-4FF4-84D4-F26366070ABF}.Debug|x86.Build.0 = Debug|Any CPU
		{5032ABB7-3328-4FF4-84D4-F26366070ABF}.Release|Any CPU.ActiveCfg = Release|Any CPU
		{5032ABB7-3328-4FF4-84D4-F26366070ABF}.Release|Any CPU.Build.0 = Release|Any CPU
		{5032ABB7-3328-4FF4-84D4-F26366070ABF}.Release|x64.ActiveCfg = Release|Any CPU
		{5032ABB7-3328-4FF4-84D4-F26366070ABF}.Release|x64.Build.0 = Release|Any CPU
		{5032ABB7-3328-4FF4-84D4-F26366070ABF}.Release|x86.ActiveCfg = Release|Any CPU
		{5032ABB7-3328-4FF4-84D4-F26366070ABF}.Release|x86.Build.0 = Release|Any CPU
	EndGlobalSection
	GlobalSection(SolutionProperties) = preSolution
		HideSolutionNode = FALSE
	EndGlobalSection
	GlobalSection(NestedProjects) = preSolution
		{A7ABDEFA-A9FD-4101-9341-81713781C8E8} = {CEDA644E-C828-41ED-89CF-4D094424FF80}
		{A048EF9D-DC89-435D-AFFB-EAC6CA20B49D} = {A7ABDEFA-A9FD-4101-9341-81713781C8E8}
		{21AFC5BC-F44F-47DF-BB45-0DE325FC0B69} = {63A66E7D-DD4F-446B-99A4-ED3DDCA053EA}
		{C8DF0372-9001-42C0-80D3-7D5D3F6CDA30} = {63A66E7D-DD4F-446B-99A4-ED3DDCA053EA}
		{5D7AE9BC-55EF-4D0C-B1F3-4F1BB49EA452} = {63A66E7D-DD4F-446B-99A4-ED3DDCA053EA}
		{5032ABB7-3328-4FF4-84D4-F26366070ABF} = {63A66E7D-DD4F-446B-99A4-ED3DDCA053EA}
	EndGlobalSection
	GlobalSection(ExtensibilityGlobals) = postSolution
		SolutionGuid = {576B74A4-9C3B-4D32-BEE1-6E63DFDC9185}
	EndGlobalSection
EndGlobal
